
Microsoft Visual Studio Solution File, Format Version 12.00
# Visual Studio Version 16
VisualStudioVersion = 16.0.30907.101
MinimumVisualStudioVersion = 10.0.40219.1
Project("{2150E333-8FDC-42A3-9474-1A3956D46DE8}") = "Services", "Services", "{8A121D0D-34A2-4B29-A0B8-ACF4FCC40D10}"
EndProject
Project("{2150E333-8FDC-42A3-9474-1A3956D46DE8}") = "Catalog", "Catalog", "{B5439738-916F-4B07-B21E-147852FDD0B6}"
EndProject
Project("{9A19103F-16F7-4668-BE54-9A1E7A4F7556}") = "Catalog.API", "Services\Catalog\Catalog.API\Catalog.API.csproj", "{28B8AF8D-7F51-4C51-BE43-D6C3C936E283}"
EndProject
Project("{E53339B2-1760-4266-BCC7-CA923CBCF16C}") = "docker-compose", "docker-compose.dcproj", "{B0B6D4F0-B695-4FE8-8478-CCCFF5643E6C}"
EndProject
Project("{2150E333-8FDC-42A3-9474-1A3956D46DE8}") = "Solution Items", "Solution Items", "{35A6590B-19B0-497D-B043-7A0C9B9A17C6}"
	ProjectSection(SolutionItems) = preProject
		DockerCommands.txt = DockerCommands.txt
	EndProjectSection
EndProject
Global
	GlobalSection(SolutionConfigurationPlatforms) = preSolution
		Debug|Any CPU = Debug|Any CPU
		Release|Any CPU = Release|Any CPU
	EndGlobalSection
	GlobalSection(ProjectConfigurationPlatforms) = postSolution
		{28B8AF8D-7F51-4C51-BE43-D6C3C936E283}.Debug|Any CPU.ActiveCfg = Debug|Any CPU
		{28B8AF8D-7F51-4C51-BE43-D6C3C936E283}.Debug|Any CPU.Build.0 = Debug|Any CPU
		{28B8AF8D-7F51-4C51-BE43-D6C3C936E283}.Release|Any CPU.ActiveCfg = Release|Any CPU
		{28B8AF8D-7F51-4C51-BE43-D6C3C936E283}.Release|Any CPU.Build.0 = Release|Any CPU
		{B0B6D4F0-B695-4FE8-8478-CCCFF5643E6C}.Debug|Any CPU.ActiveCfg = Debug|Any CPU
		{B0B6D4F0-B695-4FE8-8478-CCCFF5643E6C}.Debug|Any CPU.Build.0 = Debug|Any CPU
		{B0B6D4F0-B695-4FE8-8478-CCCFF5643E6C}.Release|Any CPU.ActiveCfg = Release|Any CPU
		{B0B6D4F0-B695-4FE8-8478-CCCFF5643E6C}.Release|Any CPU.Build.0 = Release|Any CPU
	EndGlobalSection
	GlobalSection(SolutionProperties) = preSolution
		HideSolutionNode = FALSE
	EndGlobalSection
	GlobalSection(NestedProjects) = preSolution
		{B5439738-916F-4B07-B21E-147852FDD0B6} = {8A121D0D-34A2-4B29-A0B8-ACF4FCC40D10}
		{28B8AF8D-7F51-4C51-BE43-D6C3C936E283} = {B5439738-916F-4B07-B21E-147852FDD0B6}
	EndGlobalSection
	GlobalSection(ExtensibilityGlobals) = postSolution
		SolutionGuid = {2BDC0465-0D33-4064-81CA-0446A783EC5D}
	EndGlobalSection
EndGlobal
